
Microsoft Visual Studio Solution File, Format Version 12.00
# Visual Studio Version 16
VisualStudioVersion = 16.0.32126.315
MinimumVisualStudioVersion = 10.0.40219.1
Project("{FAE04EC0-301F-11D3-BF4B-00C04F79EFBC}") = "CSharpNewWebSiteClass8", "CSharpNewWebSiteClass8\CSharpNewWebSiteClass8.csproj", "{BE13B503-49BA-412D-8262-31BA955D8DDA}"
EndProject
Global
	GlobalSection(SolutionConfigurationPlatforms) = preSolution
		Debug|Any CPU = Debug|Any CPU
		Release|Any CPU = Release|Any CPU
	EndGlobalSection
	GlobalSection(ProjectConfigurationPlatforms) = postSolution
		{BE13B503-49BA-412D-8262-31BA955D8DDA}.Debug|Any CPU.ActiveCfg = Debug|Any CPU
		{BE13B503-49BA-412D-8262-31BA955D8DDA}.Debug|Any CPU.Build.0 = Debug|Any CPU
		{BE13B503-49BA-412D-8262-31BA955D8DDA}.Release|Any CPU.ActiveCfg = Release|Any CPU
		{BE13B503-49BA-412D-8262-31BA955D8DDA}.Release|Any CPU.Build.0 = Release|Any CPU
	EndGlobalSection
	GlobalSection(SolutionProperties) = preSolution
		HideSolutionNode = FALSE
	EndGlobalSection
	GlobalSection(ExtensibilityGlobals) = postSolution
		SolutionGuid = {F6F49F86-E413-41AC-9ED2-EC91C88E54D7}
	EndGlobalSection
EndGlobal
